
Microsoft Visual Studio Solution File, Format Version 12.00
# Visual Studio Version 17
VisualStudioVersion = 17.13.35919.96 d17.13
MinimumVisualStudioVersion = 10.0.40219.1
Project("{FAE04EC0-301F-11D3-BF4B-00C04F79EFBC}") = "ApiServer", "ApiServer.csproj", "{56D3BC33-C86A-47DC-A664-EE09B8A00E64}"
EndProject
Global
	GlobalSection(SolutionConfigurationPlatforms) = preSolution
		Debug|Any CPU = Debug|Any CPU
		Release|Any CPU = Release|Any CPU
	EndGlobalSection
	GlobalSection(ProjectConfigurationPlatforms) = postSolution
		{56D3BC33-C86A-47DC-A664-EE09B8A00E64}.Debug|Any CPU.ActiveCfg = Debug|Any CPU
		{56D3BC33-C86A-47DC-A664-EE09B8A00E64}.Debug|Any CPU.Build.0 = Debug|Any CPU
		{56D3BC33-C86A-47DC-A664-EE09B8A00E64}.Release|Any CPU.ActiveCfg = Release|Any CPU
		{56D3BC33-C86A-47DC-A664-EE09B8A00E64}.Release|Any CPU.Build.0 = Release|Any CPU
	EndGlobalSection
	GlobalSection(SolutionProperties) = preSolution
		HideSolutionNode = FALSE
	EndGlobalSection
	GlobalSection(ExtensibilityGlobals) = postSolution
		SolutionGuid = {BEDA4A19-0FEF-4605-A682-ADD40A1A3E2C}
	EndGlobalSection
EndGlobal
